
Microsoft Visual Studio Solution File, Format Version 12.00
# Visual Studio 15
VisualStudioVersion = 15.0.27428.2027
MinimumVisualStudioVersion = 10.0.40219.1
Project("{FAE04EC0-301F-11D3-BF4B-00C04F79EFBC}") = "IEP Projekat", "IEP Projekat\IEP Projekat.csproj", "{5885A639-7BC1-4E33-A66F-C0A456FE71B4}"
EndProject
Global
	GlobalSection(SolutionConfigurationPlatforms) = preSolution
		Debug|Any CPU = Debug|Any CPU
		Release|Any CPU = Release|Any CPU
	EndGlobalSection
	GlobalSection(ProjectConfigurationPlatforms) = postSolution
		{5885A639-7BC1-4E33-A66F-C0A456FE71B4}.Debug|Any CPU.ActiveCfg = Debug|Any CPU
		{5885A639-7BC1-4E33-A66F-C0A456FE71B4}.Debug|Any CPU.Build.0 = Debug|Any CPU
		{5885A639-7BC1-4E33-A66F-C0A456FE71B4}.Release|Any CPU.ActiveCfg = Release|Any CPU
		{5885A639-7BC1-4E33-A66F-C0A456FE71B4}.Release|Any CPU.Build.0 = Release|Any CPU
	EndGlobalSection
	GlobalSection(SolutionProperties) = preSolution
		HideSolutionNode = FALSE
	EndGlobalSection
	GlobalSection(ExtensibilityGlobals) = postSolution
		SolutionGuid = {8B5E659C-F764-432D-B09A-1E6B04A0808F}
	EndGlobalSection
EndGlobal
